uuid: 4fb8aacf-b642-4740-bc61-39ddefe75a87
langcode: en
status: true
dependencies: {  }
_core:
  default_config_hash: YPq-ZdkMKHgTslS16XR7w3RDNfxc_ku9hfDslrguZf0
id: search_api__views_block__product_overview__product_overview_block
name: 'search_api:views_block__product_overview__product_overview_block'
filter_key: null
url_processor: query_string
breadcrumb: {  }
